
Microsoft Visual Studio Solution File, Format Version 12.00
# Visual Studio 14
VisualStudioVersion = 14.0.25420.1
MinimumVisualStudioVersion = 10.0.40219.1
Project("{2150E333-8FDC-42A3-9474-1A3956D46DE8}") = "Tests", "Tests", "{DDFF1EFA-52C7-4394-BA4F-BE1954B395B2}"
EndProject
Project("{FAE04EC0-301F-11D3-BF4B-00C04F79EFBC}") = "Demo.ProjectEuler.Tests", "Demo.ProjectEuler.Tests\Demo.ProjectEuler.Tests.csproj", "{0350836E-8744-4393-AB2D-0139EC4529B5}"
EndProject
Project("{FAE04EC0-301F-11D3-BF4B-00C04F79EFBC}") = "Demo.ProjectEuler.Core", "Demo.ProjectEuler.Core\Demo.ProjectEuler.Core.csproj", "{A69B498D-3F9D-46B0-9704-5C4B799A653C}"
EndProject
Project("{2150E333-8FDC-42A3-9474-1A3956D46DE8}") = "Libs", "Libs", "{91FE2167-C4F9-418B-9150-BD5AEC974AC4}"
EndProject
Project("{2150E333-8FDC-42A3-9474-1A3956D46DE8}") = "Demo", "Demo", "{7C0A3082-70AF-441B-BB4D-B8A62F882F4A}"
EndProject
Project("{FAE04EC0-301F-11D3-BF4B-00C04F79EFBC}") = "RemovingDuplicatesInList", "RemovingDuplicatesInList\RemovingDuplicatesInList.csproj", "{B4305786-4E72-49EA-B331-FE50FF39043A}"
EndProject
Project("{FAE04EC0-301F-11D3-BF4B-00C04F79EFBC}") = "SimpleRecursionDemo", "SimpleRecursionDemo\SimpleRecursionDemo.csproj", "{674DE5D6-1A27-4B20-B74E-ABD4CA93E5E7}"
EndProject
Project("{FAE04EC0-301F-11D3-BF4B-00C04F79EFBC}") = "CombinationDemo", "CombinationDemo\CombinationDemo.csproj", "{537AF944-A53A-4BF2-AB1A-11105A6751F2}"
EndProject
Project("{FAE04EC0-301F-11D3-BF4B-00C04F79EFBC}") = "EightDivisorsDemo", "EightDivisorsDemo\EightDivisorsDemo.csproj", "{23CE00F8-8C64-4034-AA6F-E0CD35CE28A7}"
EndProject
Project("{FAE04EC0-301F-11D3-BF4B-00C04F79EFBC}") = "ConsecutivePrimeSum", "ConsecutivePrimeSum\ConsecutivePrimeSum.csproj", "{0529CD7C-E907-40E5-88CD-C70FF45CFF4B}"
EndProject
Project("{FAE04EC0-301F-11D3-BF4B-00C04F79EFBC}") = "BigIntegerTest", "BigIntegerTest\BigIntegerTest.csproj", "{6977E8C0-4317-4329-84D3-DFF409F75EE1}"
EndProject
Global
	GlobalSection(SolutionConfigurationPlatforms) = preSolution
		Debug|Any CPU = Debug|Any CPU
		Release|Any CPU = Release|Any CPU
	EndGlobalSection
	GlobalSection(ProjectConfigurationPlatforms) = postSolution
		{0350836E-8744-4393-AB2D-0139EC4529B5}.Debug|Any CPU.ActiveCfg = Debug|Any CPU
		{0350836E-8744-4393-AB2D-0139EC4529B5}.Debug|Any CPU.Build.0 = Debug|Any CPU
		{0350836E-8744-4393-AB2D-0139EC4529B5}.Release|Any CPU.ActiveCfg = Release|Any CPU
		{0350836E-8744-4393-AB2D-0139EC4529B5}.Release|Any CPU.Build.0 = Release|Any CPU
		{A69B498D-3F9D-46B0-9704-5C4B799A653C}.Debug|Any CPU.ActiveCfg = Debug|Any CPU
		{A69B498D-3F9D-46B0-9704-5C4B799A653C}.Debug|Any CPU.Build.0 = Debug|Any CPU
		{A69B498D-3F9D-46B0-9704-5C4B799A653C}.Release|Any CPU.ActiveCfg = Release|Any CPU
		{A69B498D-3F9D-46B0-9704-5C4B799A653C}.Release|Any CPU.Build.0 = Release|Any CPU
		{B4305786-4E72-49EA-B331-FE50FF39043A}.Debug|Any CPU.ActiveCfg = Debug|Any CPU
		{B4305786-4E72-49EA-B331-FE50FF39043A}.Debug|Any CPU.Build.0 = Debug|Any CPU
		{B4305786-4E72-49EA-B331-FE50FF39043A}.Release|Any CPU.ActiveCfg = Release|Any CPU
		{B4305786-4E72-49EA-B331-FE50FF39043A}.Release|Any CPU.Build.0 = Release|Any CPU
		{674DE5D6-1A27-4B20-B74E-ABD4CA93E5E7}.Debug|Any CPU.ActiveCfg = Debug|Any CPU
		{674DE5D6-1A27-4B20-B74E-ABD4CA93E5E7}.Debug|Any CPU.Build.0 = Debug|Any CPU
		{674DE5D6-1A27-4B20-B74E-ABD4CA93E5E7}.Release|Any CPU.ActiveCfg = Release|Any CPU
		{674DE5D6-1A27-4B20-B74E-ABD4CA93E5E7}.Release|Any CPU.Build.0 = Release|Any CPU
		{537AF944-A53A-4BF2-AB1A-11105A6751F2}.Debug|Any CPU.ActiveCfg = Debug|Any CPU
		{537AF944-A53A-4BF2-AB1A-11105A6751F2}.Debug|Any CPU.Build.0 = Debug|Any CPU
		{537AF944-A53A-4BF2-AB1A-11105A6751F2}.Release|Any CPU.ActiveCfg = Release|Any CPU
		{537AF944-A53A-4BF2-AB1A-11105A6751F2}.Release|Any CPU.Build.0 = Release|Any CPU
		{23CE00F8-8C64-4034-AA6F-E0CD35CE28A7}.Debug|Any CPU.ActiveCfg = Debug|Any CPU
		{23CE00F8-8C64-4034-AA6F-E0CD35CE28A7}.Debug|Any CPU.Build.0 = Debug|Any CPU
		{23CE00F8-8C64-4034-AA6F-E0CD35CE28A7}.Release|Any CPU.ActiveCfg = Release|Any CPU
		{23CE00F8-8C64-4034-AA6F-E0CD35CE28A7}.Release|Any CPU.Build.0 = Release|Any CPU
		{0529CD7C-E907-40E5-88CD-C70FF45CFF4B}.Debug|Any CPU.ActiveCfg = Debug|Any CPU
		{0529CD7C-E907-40E5-88CD-C70FF45CFF4B}.Debug|Any CPU.Build.0 = Debug|Any CPU
		{0529CD7C-E907-40E5-88CD-C70FF45CFF4B}.Release|Any CPU.ActiveCfg = Release|Any CPU
		{0529CD7C-E907-40E5-88CD-C70FF45CFF4B}.Release|Any CPU.Build.0 = Release|Any CPU
		{6977E8C0-4317-4329-84D3-DFF409F75EE1}.Debug|Any CPU.ActiveCfg = Debug|Any CPU
		{6977E8C0-4317-4329-84D3-DFF409F75EE1}.Debug|Any CPU.Build.0 = Debug|Any CPU
		{6977E8C0-4317-4329-84D3-DFF409F75EE1}.Release|Any CPU.ActiveCfg = Release|Any CPU
		{6977E8C0-4317-4329-84D3-DFF409F75EE1}.Release|Any CPU.Build.0 = Release|Any CPU
	EndGlobalSection
	GlobalSection(SolutionProperties) = preSolution
		HideSolutionNode = FALSE
	EndGlobalSection
	GlobalSection(NestedProjects) = preSolution
		{0350836E-8744-4393-AB2D-0139EC4529B5} = {DDFF1EFA-52C7-4394-BA4F-BE1954B395B2}
		{A69B498D-3F9D-46B0-9704-5C4B799A653C} = {91FE2167-C4F9-418B-9150-BD5AEC974AC4}
		{B4305786-4E72-49EA-B331-FE50FF39043A} = {7C0A3082-70AF-441B-BB4D-B8A62F882F4A}
		{674DE5D6-1A27-4B20-B74E-ABD4CA93E5E7} = {7C0A3082-70AF-441B-BB4D-B8A62F882F4A}
		{537AF944-A53A-4BF2-AB1A-11105A6751F2} = {7C0A3082-70AF-441B-BB4D-B8A62F882F4A}
		{23CE00F8-8C64-4034-AA6F-E0CD35CE28A7} = {7C0A3082-70AF-441B-BB4D-B8A62F882F4A}
		{0529CD7C-E907-40E5-88CD-C70FF45CFF4B} = {7C0A3082-70AF-441B-BB4D-B8A62F882F4A}
		{6977E8C0-4317-4329-84D3-DFF409F75EE1} = {7C0A3082-70AF-441B-BB4D-B8A62F882F4A}
	EndGlobalSection
EndGlobal
